PATH
  remote: .
  specs:
    snerdmq (0.3.0)
      faye-websocket
      puma
      rack

GEM
  remote: https://rubygems.org/
  specs:
    base64 (0.1.1)
    eventmachine (1.2.7)
    faye-websocket (0.12.0)
      eventmachine (>= 0.12.0)
      websocket-driver (>= 0.8.0)
    minitest (5.27.0)
    nio4r (2.7.5)
    puma (8.0.2)
      nio4r (~> 2.0)
    rack (3.2.7)
    rake (13.4.2)
    websocket-driver (0.8.2)
      base64
      websocket-extensions (>= 0.1.0)
    websocket-extensions (0.1.5)

PLATFORMS
  arm64-darwin-24

DEPENDENCIES
  bundler (~> 2.0)
  minitest (~> 5.0)
  rake (~> 13.0)
  snerdmq!

BUNDLED WITH
   2.4.10
